
Microsoft Visual Studio Solution File, Format Version 12.00
# Visual Studio Version 17
VisualStudioVersion = 17.5.33516.290
MinimumVisualStudioVersion = 10.0.40219.1
Project("{8BC9CEB8-8B4A-11D0-8D11-00A0C91BC942}") = "functionTemplatee", "functionTemplatee\functionTemplatee.vcxproj", "{FB245EB1-B81E-48D8-AB88-370F1427A918}"
EndProject
Global
	GlobalSection(SolutionConfigurationPlatforms) = preSolution
		Debug|x64 = Debug|x64
		Debug|x86 = Debug|x86
		Release|x64 = Release|x64
		Release|x86 = Release|x86
	EndGlobalSection
	GlobalSection(ProjectConfigurationPlatforms) = postSolution
		{FB245EB1-B81E-48D8-AB88-370F1427A918}.Debug|x64.ActiveCfg = Debug|x64
		{FB245EB1-B81E-48D8-AB88-370F1427A918}.Debug|x64.Build.0 = Debug|x64
		{FB245EB1-B81E-48D8-AB88-370F1427A918}.Debug|x86.ActiveCfg = Debug|Win32
		{FB245EB1-B81E-48D8-AB88-370F1427A918}.Debug|x86.Build.0 = Debug|Win32
		{FB245EB1-B81E-48D8-AB88-370F1427A918}.Release|x64.ActiveCfg = Release|x64
		{FB245EB1-B81E-48D8-AB88-370F1427A918}.Release|x64.Build.0 = Release|x64
		{FB245EB1-B81E-48D8-AB88-370F1427A918}.Release|x86.ActiveCfg = Release|Win32
		{FB245EB1-B81E-48D8-AB88-370F1427A918}.Release|x86.Build.0 = Release|Win32
	EndGlobalSection
	GlobalSection(SolutionProperties) = preSolution
		HideSolutionNode = FALSE
	EndGlobalSection
	GlobalSection(ExtensibilityGlobals) = postSolution
		SolutionGuid = {7D3AE8C5-CA40-4ACF-A54A-4E9E2B51C5C0}
	EndGlobalSection
EndGlobal
